
Microsoft Visual Studio Solution File, Format Version 12.00
# Visual Studio Version 16
VisualStudioVersion = 16.0.31410.357
MinimumVisualStudioVersion = 10.0.40219.1
Project("{2150E333-8FDC-42A3-9474-1A3956D46DE8}") = "Services", "Services", "{3AB1B613-C516-4397-BD72-471FE0C12EE9}"
EndProject
Project("{2150E333-8FDC-42A3-9474-1A3956D46DE8}") = "Catalog", "Catalog", "{16FFE843-1D12-4163-B532-D711947E9C3B}"
EndProject
Project("{9A19103F-16F7-4668-BE54-9A1E7A4F7556}") = "Catalog.API", "Services\Catalog\Catalog.API\Catalog.API.csproj", "{776C7633-94CF-4792-820D-52C3D98663A9}"
EndProject
Project("{E53339B2-1760-4266-BCC7-CA923CBCF16C}") = "docker-compose", "docker-compose.dcproj", "{BD63BDE5-B8DE-4F70-A7B5-96D0B61C3F88}"
EndProject
Project("{2150E333-8FDC-42A3-9474-1A3956D46DE8}") = "Basket", "Basket", "{DDD29106-BD85-4B8E-94E2-6C35BCF9140D}"
EndProject
Project("{9A19103F-16F7-4668-BE54-9A1E7A4F7556}") = "Basket.API", "Services\Basket\Basket.API\Basket.API.csproj", "{F1E36DB6-A1C6-462D-920D-E837675440C8}"
EndProject
Project("{2150E333-8FDC-42A3-9474-1A3956D46DE8}") = "Discount", "Discount", "{19D2C0C0-25A1-4E87-A60B-EA95B1CB7CE7}"
EndProject
Project("{9A19103F-16F7-4668-BE54-9A1E7A4F7556}") = "Discount.API", "Services\Discount\Discount.API\Discount.API.csproj", "{0C392B45-3A6A-4068-8921-E3EABB3FFB15}"
EndProject
Project("{9A19103F-16F7-4668-BE54-9A1E7A4F7556}") = "Discount.Grpc", "Services\Discount\Discount.Grpc\Discount.Grpc.csproj", "{91282F51-7356-4524-8F58-3ADAED85A9C6}"
EndProject
Project("{2150E333-8FDC-42A3-9474-1A3956D46DE8}") = "Ordering", "Ordering", "{8324DBAF-0001-429E-8542-7004D7682305}"
EndProject
Project("{9A19103F-16F7-4668-BE54-9A1E7A4F7556}") = "Ordering.API", "Services\Ordering\Ordering.API\Ordering.API.csproj", "{62CA7262-771C-40B4-87B0-026E56F7C85F}"
EndProject
Project("{9A19103F-16F7-4668-BE54-9A1E7A4F7556}") = "Ordering.Domain", "Services\Ordering\Ordering.Domain\Ordering.Domain.csproj", "{2590BA15-E807-4240-92BD-F080B39EAF15}"
EndProject
Project("{9A19103F-16F7-4668-BE54-9A1E7A4F7556}") = "Ordering.Application", "Services\Ordering\Ordering.Application\Ordering.Application.csproj", "{8F7F9A34-ABE0-467A-8B64-98F4FC83167D}"
EndProject
Project("{9A19103F-16F7-4668-BE54-9A1E7A4F7556}") = "Ordering.Infrastructure", "Services\Ordering\Ordering.Infrastructure\Ordering.Infrastructure.csproj", "{AC285B12-99D4-4F66-BAD1-224663F60E56}"
EndProject
Project("{2150E333-8FDC-42A3-9474-1A3956D46DE8}") = "BuildingBlocks", "BuildingBlocks", "{77037EB3-CB21-4774-BA8A-34BE921A0EF3}"
EndProject
Project("{9A19103F-16F7-4668-BE54-9A1E7A4F7556}") = "EventBusMessages", "BuildingBlocks\EventBusMessages\EventBusMessages.csproj", "{59111D76-69C8-47C3-B431-F4FC3AFF0EE0}"
EndProject
Project("{2150E333-8FDC-42A3-9474-1A3956D46DE8}") = "ApiGateways", "ApiGateways", "{1FD5B75E-CCDF-4A2F-A147-0CBC2D26C0B6}"
EndProject
Project("{FAE04EC0-301F-11D3-BF4B-00C04F79EFBC}") = "OceletApiGw", "ApiGateways\OceletApiGw\OceletApiGw.csproj", "{385EF1C2-6CBA-4350-9E52-F06C3EBA6E10}"
EndProject
Project("{FAE04EC0-301F-11D3-BF4B-00C04F79EFBC}") = "Shopping.Aggregator", "ApiGateways\Shopping.Aggregator\Shopping.Aggregator.csproj", "{E81483CE-3174-493D-8290-77E1A68F5586}"
EndProject
Global
	GlobalSection(SolutionConfigurationPlatforms) = preSolution
		Debug|Any CPU = Debug|Any CPU
		Release|Any CPU = Release|Any CPU
	EndGlobalSection
	GlobalSection(ProjectConfigurationPlatforms) = postSolution
		{776C7633-94CF-4792-820D-52C3D98663A9}.Debug|Any CPU.ActiveCfg = Debug|Any CPU
		{776C7633-94CF-4792-820D-52C3D98663A9}.Debug|Any CPU.Build.0 = Debug|Any CPU
		{776C7633-94CF-4792-820D-52C3D98663A9}.Release|Any CPU.ActiveCfg = Release|Any CPU
		{776C7633-94CF-4792-820D-52C3D98663A9}.Release|Any CPU.Build.0 = Release|Any CPU
		{BD63BDE5-B8DE-4F70-A7B5-96D0B61C3F88}.Debug|Any CPU.ActiveCfg = Debug|Any CPU
		{BD63BDE5-B8DE-4F70-A7B5-96D0B61C3F88}.Debug|Any CPU.Build.0 = Debug|Any CPU
		{BD63BDE5-B8DE-4F70-A7B5-96D0B61C3F88}.Release|Any CPU.ActiveCfg = Release|Any CPU
		{BD63BDE5-B8DE-4F70-A7B5-96D0B61C3F88}.Release|Any CPU.Build.0 = Release|Any CPU
		{F1E36DB6-A1C6-462D-920D-E837675440C8}.Debug|Any CPU.ActiveCfg = Debug|Any CPU
		{F1E36DB6-A1C6-462D-920D-E837675440C8}.Debug|Any CPU.Build.0 = Debug|Any CPU
		{F1E36DB6-A1C6-462D-920D-E837675440C8}.Release|Any CPU.ActiveCfg = Release|Any CPU
		{F1E36DB6-A1C6-462D-920D-E837675440C8}.Release|Any CPU.Build.0 = Release|Any CPU
		{0C392B45-3A6A-4068-8921-E3EABB3FFB15}.Debug|Any CPU.ActiveCfg = Debug|Any CPU
		{0C392B45-3A6A-4068-8921-E3EABB3FFB15}.Debug|Any CPU.Build.0 = Debug|Any CPU
		{0C392B45-3A6A-4068-8921-E3EABB3FFB15}.Release|Any CPU.ActiveCfg = Release|Any CPU
		{0C392B45-3A6A-4068-8921-E3EABB3FFB15}.Release|Any CPU.Build.0 = Release|Any CPU
		{91282F51-7356-4524-8F58-3ADAED85A9C6}.Debug|Any CPU.ActiveCfg = Debug|Any CPU
		{91282F51-7356-4524-8F58-3ADAED85A9C6}.Debug|Any CPU.Build.0 = Debug|Any CPU
		{91282F51-7356-4524-8F58-3ADAED85A9C6}.Release|Any CPU.ActiveCfg = Release|Any CPU
		{91282F51-7356-4524-8F58-3ADAED85A9C6}.Release|Any CPU.Build.0 = Release|Any CPU
		{62CA7262-771C-40B4-87B0-026E56F7C85F}.Debug|Any CPU.ActiveCfg = Debug|Any CPU
		{62CA7262-771C-40B4-87B0-026E56F7C85F}.Debug|Any CPU.Build.0 = Debug|Any CPU
		{62CA7262-771C-40B4-87B0-026E56F7C85F}.Release|Any CPU.ActiveCfg = Release|Any CPU
		{62CA7262-771C-40B4-87B0-026E56F7C85F}.Release|Any CPU.Build.0 = Release|Any CPU
		{2590BA15-E807-4240-92BD-F080B39EAF15}.Debug|Any CPU.ActiveCfg = Debug|Any CPU
		{2590BA15-E807-4240-92BD-F080B39EAF15}.Debug|Any CPU.Build.0 = Debug|Any CPU
		{2590BA15-E807-4240-92BD-F080B39EAF15}.Release|Any CPU.ActiveCfg = Release|Any CPU
		{2590BA15-E807-4240-92BD-F080B39EAF15}.Release|Any CPU.Build.0 = Release|Any CPU
		{8F7F9A34-ABE0-467A-8B64-98F4FC83167D}.Debug|Any CPU.ActiveCfg = Debug|Any CPU
		{8F7F9A34-ABE0-467A-8B64-98F4FC83167D}.Debug|Any CPU.Build.0 = Debug|Any CPU
		{8F7F9A34-ABE0-467A-8B64-98F4FC83167D}.Release|Any CPU.ActiveCfg = Release|Any CPU
		{8F7F9A34-ABE0-467A-8B64-98F4FC83167D}.Release|Any CPU.Build.0 = Release|Any CPU
		{AC285B12-99D4-4F66-BAD1-224663F60E56}.Debug|Any CPU.ActiveCfg = Debug|Any CPU
		{AC285B12-99D4-4F66-BAD1-224663F60E56}.Debug|Any CPU.Build.0 = Debug|Any CPU
		{AC285B12-99D4-4F66-BAD1-224663F60E56}.Release|Any CPU.ActiveCfg = Release|Any CPU
		{AC285B12-99D4-4F66-BAD1-224663F60E56}.Release|Any CPU.Build.0 = Release|Any CPU
		{59111D76-69C8-47C3-B431-F4FC3AFF0EE0}.Debug|Any CPU.ActiveCfg = Debug|Any CPU
		{59111D76-69C8-47C3-B431-F4FC3AFF0EE0}.Debug|Any CPU.Build.0 = Debug|Any CPU
		{59111D76-69C8-47C3-B431-F4FC3AFF0EE0}.Release|Any CPU.ActiveCfg = Release|Any CPU
		{59111D76-69C8-47C3-B431-F4FC3AFF0EE0}.Release|Any CPU.Build.0 = Release|Any CPU
		{385EF1C2-6CBA-4350-9E52-F06C3EBA6E10}.Debug|Any CPU.ActiveCfg = Debug|Any CPU
		{385EF1C2-6CBA-4350-9E52-F06C3EBA6E10}.Debug|Any CPU.Build.0 = Debug|Any CPU
		{385EF1C2-6CBA-4350-9E52-F06C3EBA6E10}.Release|Any CPU.ActiveCfg = Release|Any CPU
		{385EF1C2-6CBA-4350-9E52-F06C3EBA6E10}.Release|Any CPU.Build.0 = Release|Any CPU
		{E81483CE-3174-493D-8290-77E1A68F5586}.Debug|Any CPU.ActiveCfg = Debug|Any CPU
		{E81483CE-3174-493D-8290-77E1A68F5586}.Debug|Any CPU.Build.0 = Debug|Any CPU
		{E81483CE-3174-493D-8290-77E1A68F5586}.Release|Any CPU.ActiveCfg = Release|Any CPU
		{E81483CE-3174-493D-8290-77E1A68F5586}.Release|Any CPU.Build.0 = Release|Any CPU
	EndGlobalSection
	GlobalSection(SolutionProperties) = preSolution
		HideSolutionNode = FALSE
	EndGlobalSection
	GlobalSection(NestedProjects) = preSolution
		{16FFE843-1D12-4163-B532-D711947E9C3B} = {3AB1B613-C516-4397-BD72-471FE0C12EE9}
		{776C7633-94CF-4792-820D-52C3D98663A9} = {16FFE843-1D12-4163-B532-D711947E9C3B}
		{DDD29106-BD85-4B8E-94E2-6C35BCF9140D} = {3AB1B613-C516-4397-BD72-471FE0C12EE9}
		{F1E36DB6-A1C6-462D-920D-E837675440C8} = {DDD29106-BD85-4B8E-94E2-6C35BCF9140D}
		{19D2C0C0-25A1-4E87-A60B-EA95B1CB7CE7} = {3AB1B613-C516-4397-BD72-471FE0C12EE9}
		{0C392B45-3A6A-4068-8921-E3EABB3FFB15} = {19D2C0C0-25A1-4E87-A60B-EA95B1CB7CE7}
		{91282F51-7356-4524-8F58-3ADAED85A9C6} = {19D2C0C0-25A1-4E87-A60B-EA95B1CB7CE7}
		{8324DBAF-0001-429E-8542-7004D7682305} = {3AB1B613-C516-4397-BD72-471FE0C12EE9}
		{62CA7262-771C-40B4-87B0-026E56F7C85F} = {8324DBAF-0001-429E-8542-7004D7682305}
		{2590BA15-E807-4240-92BD-F080B39EAF15} = {8324DBAF-0001-429E-8542-7004D7682305}
		{8F7F9A34-ABE0-467A-8B64-98F4FC83167D} = {8324DBAF-0001-429E-8542-7004D7682305}
		{AC285B12-99D4-4F66-BAD1-224663F60E56} = {8324DBAF-0001-429E-8542-7004D7682305}
		{59111D76-69C8-47C3-B431-F4FC3AFF0EE0} = {77037EB3-CB21-4774-BA8A-34BE921A0EF3}
		{385EF1C2-6CBA-4350-9E52-F06C3EBA6E10} = {1FD5B75E-CCDF-4A2F-A147-0CBC2D26C0B6}
		{E81483CE-3174-493D-8290-77E1A68F5586} = {1FD5B75E-CCDF-4A2F-A147-0CBC2D26C0B6}
	EndGlobalSection
	GlobalSection(ExtensibilityGlobals) = postSolution
		SolutionGuid = {4B0D193F-A98B-4064-831E-10AAF072A36C}
	EndGlobalSection
EndGlobal
